
Microsoft Visual Studio Solution File, Format Version 12.00
# Visual Studio Version 17
VisualStudioVersion = 17.1.32319.34
MinimumVisualStudioVersion = 10.0.40219.1
Project("{FAE04EC0-301F-11D3-BF4B-00C04F79EFBC}") = "client", "client\client.csproj", "{87C4CC20-D046-4EA4-8602-2F8406B800A1}"
EndProject
Global
	GlobalSection(SolutionConfigurationPlatforms) = preSolution
		Debug|Any CPU = Debug|Any CPU
		Release|Any CPU = Release|Any CPU
	EndGlobalSection
	GlobalSection(ProjectConfigurationPlatforms) = postSolution
		{87C4CC20-D046-4EA4-8602-2F8406B800A1}.Debug|Any CPU.ActiveCfg = Debug|Any CPU
		{87C4CC20-D046-4EA4-8602-2F8406B800A1}.Debug|Any CPU.Build.0 = Debug|Any CPU
		{87C4CC20-D046-4EA4-8602-2F8406B800A1}.Release|Any CPU.ActiveCfg = Release|Any CPU
		{87C4CC20-D046-4EA4-8602-2F8406B800A1}.Release|Any CPU.Build.0 = Release|Any CPU
	EndGlobalSection
	GlobalSection(SolutionProperties) = preSolution
		HideSolutionNode = FALSE
	EndGlobalSection
	GlobalSection(ExtensibilityGlobals) = postSolution
		SolutionGuid = {0F49630D-5AA8-4AB2-90B5-CFE7B332FB26}
	EndGlobalSection
EndGlobal
